// !$*UTF8*$!
{
	archiveVersion = 1;
	classes = {
	};
	objectVersion = 46;
	objects = {

/* Begin PBXBuildFile section */
		98448CF31C84B0F900F508BA /* AppDelegate.swift in Sources */ = {isa = PBXBuildFile; fileRef = 98448CF21C84B0F900F508BA /* AppDelegate.swift */; };
		98448CF51C84B0F900F508BA /* RootViewController.swift in Sources */ = {isa = PBXBuildFile; fileRef = 98448CF41C84B0F900F508BA /* RootViewController.swift */; };
		98448CF71C84B0FA00F508BA /* DataViewController.swift in Sources */ = {isa = PBXBuildFile; fileRef = 98448CF61C84B0FA00F508BA /* DataViewController.swift */; };
		98448CF91C84B0FA00F508BA /* ModelController.swift in Sources */ = {isa = PBXBuildFile; fileRef = 98448CF81C84B0FA00F508BA /* ModelController.swift */; };
		98448CFC1C84B0FA00F508BA /* Main.storyboard in Resources */ = {isa = PBXBuildFile; fileRef = 98448CFA1C84B0FA00F508BA /* Main.storyboard */; };
		98448CFE1C84B0FA00F508BA /* Assets.xcassets in Resources */ = {isa = PBXBuildFile; fileRef = 98448CFD1C84B0FA00F508BA /* Assets.xcassets */; };
		98448D011C84B0FA00F508BA /* LaunchScreen.storyboard in Resources */ = {isa = PBXBuildFile; fileRef = 98448CFF1C84B0FA00F508BA /* LaunchScreen.storyboard */; };
		98448D0C1C84B0FA00F508BA /* SDiOS_SourceTreeTests.swift in Sources */ = {isa = PBXBuildFile; fileRef = 98448D0B1C84B0FA00F508BA /* SDiOS_SourceTreeTests.swift */; };
		98448D171C84B0FA00F508BA /* SDiOS_SourceTreeUITests.swift in Sources */ = {isa = PBXBuildFile; fileRef = 98448D161C84B0FA00F508BA /* SDiOS_SourceTreeUITests.swift */; };
/* End PBXBuildFile section */

/* Begin PBXContainerItemProxy section */
		98448D081C84B0FA00F508BA /* PBXContainerItemProxy */ = {
			isa = PBXContainerItemProxy;
			containerPortal = 98448CE71C84B0F900F508BA /* Project object */;
			proxyType = 1;
			remoteGlobalIDString = 98448CEE1C84B0F900F508BA;
			remoteInfo = "SDiOS-SourceTree";
		};
		98448D131C84B0FA00F508BA /* PBXContainerItemProxy */ = {
			isa = PBXContainerItemProxy;
			containerPortal = 98448CE71C84B0F900F508BA /* Project object */;
			proxyType = 1;
			remoteGlobalIDString = 98448CEE1C84B0F900F508BA;
			remoteInfo = "SDiOS-SourceTree";
		};
/* End PBXContainerItemProxy section */

/* Begin PBXFileReference section */
		98448CEF1C84B0F900F508BA /* SDiOS-SourceTree.app */ = {isa = PBXFileReference; explicitFileType = wrapper.application; includeInIndex = 0; path = "SDiOS-SourceTree.app"; sourceTree = BUILT_PRODUCTS_DIR; };
		98448CF21C84B0F900F508BA /* AppDelegate.swift */ = {isa = PBXFileReference; lastKnownFileType = sourcecode.swift; path = AppDelegate.swift; sourceTree = "<group>"; };
		98448CF41C84B0F900F508BA /* RootViewController.swift */ = {isa = PBXFileReference; lastKnownFileType = sourcecode.swift; path = RootViewController.swift; sourceTree = "<group>"; };
		98448CF61C84B0FA00F508BA /* DataViewController.swift */ = {isa = PBXFileReference; lastKnownFileType = sourcecode.swift; path = DataViewController.swift; sourceTree = "<group>"; };
		98448CF81C84B0FA00F508BA /* ModelController.swift */ = {isa = PBXFileReference; lastKnownFileType = sourcecode.swift; path = ModelController.swift; sourceTree = "<group>"; };
		98448CFB1C84B0FA00F508BA /* Base */ = {isa = PBXFileReference; lastKnownFileType = file.storyboard; name = Base; path = Base.lproj/Main.storyboard; sourceTree = "<group>"; };
		98448CFD1C84B0FA00F508BA /* Assets.xcassets */ = {isa = PBXFileReference; lastKnownFileType = folder.assetcatalog; path = Assets.xcassets; sourceTree = "<group>"; };
		98448D001C84B0FA00F508BA /* Base */ = {isa = PBXFileReference; lastKnownFileType = file.storyboard; name = Base; path = Base.lproj/LaunchScreen.storyboard; sourceTree = "<group>"; };
		98448D021C84B0FA00F508BA /* Info.plist */ = {isa = PBXFileReference; lastKnownFileType = text.plist.xml; path = Info.plist; sourceTree = "<group>"; };
		98448D071C84B0FA00F508BA /* SDiOS-SourceTreeTests.xctest */ = {isa = PBXFileReference; explicitFileType = wrapper.cfbundle; includeInIndex = 0; path = "SDiOS-SourceTreeTests.xctest"; sourceTree = BUILT_PRODUCTS_DIR; };
		98448D0B1C84B0FA00F508BA /* SDiOS_SourceTreeTests.swift */ = {isa = PBXFileReference; lastKnownFileType = sourcecode.swift; path = SDiOS_SourceTreeTests.swift; sourceTree = "<group>"; };
		98448D0D1C84B0FA00F508BA /* Info.plist */ = {isa = PBXFileReference; lastKnownFileType = text.plist.xml; path = Info.plist; sourceTree = "<group>"; };
		98448D121C84B0FA00F508BA /* SDiOS-SourceTreeUITests.xctest */ = {isa = PBXFileReference; explicitFileType = wrapper.cfbundle; includeInIndex = 0; path = "SDiOS-SourceTreeUITests.xctest"; sourceTree = BUILT_PRODUCTS_DIR; };
		98448D161C84B0FA00F508BA /* SDiOS_SourceTreeUITests.swift */ = {isa = PBXFileReference; lastKnownFileType = sourcecode.swift; path = SDiOS_SourceTreeUITests.swift; sourceTree = "<group>"; };
		98448D181C84B0FA00F508BA /* Info.plist */ = {isa = PBXFileReference; lastKnownFileType = text.plist.xml; path = Info.plist; sourceTree = "<group>"; };
/* End PBXFileReference section */

/* Begin PBXFrameworksBuildPhase section */
		98448CEC1C84B0F900F508BA /* Frameworks */ = {
			isa = PBXFrameworksBuildPhase;
			buildActionMask = 2147483647;
			files = (
			);
			runOnlyForDeploymentPostprocessing = 0;
		};
		98448D041C84B0FA00F508BA /* Frameworks */ = {
			isa = PBXFrameworksBuildPhase;
			buildActionMask = 2147483647;
			files = (
			);
			runOnlyForDeploymentPostprocessing = 0;
		};
		98448D0F1C84B0FA00F508BA /* Frameworks */ = {
			isa = PBXFrameworksBuildPhase;
			buildActionMask = 2147483647;
			files = (
			);
			runOnlyForDeploymentPostprocessing = 0;
		};
/* End PBXFrameworksBuildPhase section */

/* Begin PBXGroup section */
		98448CE61C84B0F900F508BA = {
			isa = PBXGroup;
			children = (
				98448CF11C84B0F900F508BA /* SDiOS-SourceTree */,
				98448D0A1C84B0FA00F508BA /* SDiOS-SourceTreeTests */,
				98448D151C84B0FA00F508BA /* SDiOS-SourceTreeUITests */,
				98448CF01C84B0F900F508BA /* Products */,
			);
			sourceTree = "<group>";
		};
		98448CF01C84B0F900F508BA /* Products */ = {
			isa = PBXGroup;
			children = (
				98448CEF1C84B0F900F508BA /* SDiOS-SourceTree.app */,
				98448D071C84B0FA00F508BA /* SDiOS-SourceTreeTests.xctest */,
				98448D121C84B0FA00F508BA /* SDiOS-SourceTreeUITests.xctest */,
			);
			name = Products;
			sourceTree = "<group>";
		};
		98448CF11C84B0F900F508BA /* SDiOS-SourceTree */ = {
			isa = PBXGroup;
			children = (
				98448CF21C84B0F900F508BA /* AppDelegate.swift */,
				98448CF41C84B0F900F508BA /* RootViewController.swift */,
				98448CF61C84B0FA00F508BA /* DataViewController.swift */,
				98448CF81C84B0FA00F508BA /* ModelController.swift */,
				98448CFA1C84B0FA00F508BA /* Main.storyboard */,
				98448CFD1C84B0FA00F508BA /* Assets.xcassets */,
				98448CFF1C84B0FA00F508BA /* LaunchScreen.storyboard */,
				98448D021C84B0FA00F508BA /* Info.plist */,
			);
			path = "SDiOS-SourceTree";
			sourceTree = "<group>";
		};
		98448D0A1C84B0FA00F508BA /* SDiOS-SourceTreeTests */ = {
			isa = PBXGroup;
			children = (
				98448D0B1C84B0FA00F508BA /* SDiOS_SourceTreeTests.swift */,
				98448D0D1C84B0FA00F508BA /* Info.plist */,
			);
			path = "SDiOS-SourceTreeTests";
			sourceTree = "<group>";
		};
		98448D151C84B0FA00F508BA /* SDiOS-SourceTreeUITests */ = {
			isa = PBXGroup;
			children = (
				98448D161C84B0FA00F508BA /* SDiOS_SourceTreeUITests.swift */,
				98448D181C84B0FA00F508BA /* Info.plist */,
			);
			path = "SDiOS-SourceTreeUITests";
			sourceTree = "<group>";
		};
/* End PBXGroup section */

/* Begin PBXNativeTarget section */
		98448CEE1C84B0F900F508BA /* SDiOS-SourceTree */ = {
			isa = PBXNativeTarget;
			buildConfigurationList = 98448D1B1C84B0FA00F508BA /* Build configuration list for PBXNativeTarget "SDiOS-SourceTree" */;
			buildPhases = (
				98448CEB1C84B0F900F508BA /* Sources */,
				98448CEC1C84B0F900F508BA /* Frameworks */,
				98448CED1C84B0F900F508BA /* Resources */,
			);
			buildRules = (
			);
			dependencies = (
			);
			name = "SDiOS-SourceTree";
			productName = "SDiOS-SourceTree";
			productReference = 98448CEF1C84B0F900F508BA /* SDiOS-SourceTree.app */;
			productType = "com.apple.product-type.application";
		};
		98448D061C84B0FA00F508BA /* SDiOS-SourceTreeTests */ = {
			isa = PBXNativeTarget;
			buildConfigurationList = 98448D1E1C84B0FA00F508BA /* Build configuration list for PBXNativeTarget "SDiOS-SourceTreeTests" */;
			buildPhases = (
				98448D031C84B0FA00F508BA /* Sources */,
				98448D041C84B0FA00F508BA /* Frameworks */,
				98448D051C84B0FA00F508BA /* Resources */,
			);
			buildRules = (
			);
			dependencies = (
				98448D091C84B0FA00F508BA /* PBXTargetDependency */,
			);
			name = "SDiOS-SourceTreeTests";
			productName = "SDiOS-SourceTreeTests";
			productReference = 98448D071C84B0FA00F508BA /* SDiOS-SourceTreeTests.xctest */;
			productType = "com.apple.product-type.bundle.unit-test";
		};
		98448D111C84B0FA00F508BA /* SDiOS-SourceTreeUITests */ = {
			isa = PBXNativeTarget;
			buildConfigurationList = 98448D211C84B0FA00F508BA /* Build configuration list for PBXNativeTarget "SDiOS-SourceTreeUITests" */;
			buildPhases = (
				98448D0E1C84B0FA00F508BA /* Sources */,
				98448D0F1C84B0FA00F508BA /* Frameworks */,
				98448D101C84B0FA00F508BA /* Resources */,
			);
			buildRules = (
			);
			dependencies = (
				98448D141C84B0FA00F508BA /* PBXTargetDependency */,
			);
			name = "SDiOS-SourceTreeUITests";
			productName = "SDiOS-SourceTreeUITests";
			productReference = 98448D121C84B0FA00F508BA /* SDiOS-SourceTreeUITests.xctest */;
			productType = "com.apple.product-type.bundle.ui-testing";
		};
/* End PBXNativeTarget section */

/* Begin PBXProject section */
		98448CE71C84B0F900F508BA /* Project object */ = {
			isa = PBXProject;
			attributes = {
				LastSwiftUpdateCheck = 0720;
				LastUpgradeCheck = 0720;
				ORGANIZATIONNAME = "Darvell Hunt";
				TargetAttributes = {
					98448CEE1C84B0F900F508BA = {
						CreatedOnToolsVersion = 7.2;
					};
					98448D061C84B0FA00F508BA = {
						CreatedOnToolsVersion = 7.2;
						TestTargetID = 98448CEE1C84B0F900F508BA;
					};
					98448D111C84B0FA00F508BA = {
						CreatedOnToolsVersion = 7.2;
						TestTargetID = 98448CEE1C84B0F900F508BA;
					};
				};
			};
			buildConfigurationList = 98448CEA1C84B0F900F508BA /* Build configuration list for PBXProject "SDiOS-SourceTree" */;
			compatibilityVersion = "Xcode 3.2";
			developmentRegion = English;
			hasScannedForEncodings = 0;
			knownRegions = (
				en,
				Base,
			);
			mainGroup = 98448CE61C84B0F900F508BA;
			productRefGroup = 98448CF01C84B0F900F508BA /* Products */;
			projectDirPath = "";
			projectRoot = "";
			targets = (
				98448CEE1C84B0F900F508BA /* SDiOS-SourceTree */,
				98448D061C84B0FA00F508BA /* SDiOS-SourceTreeTests */,
				98448D111C84B0FA00F508BA /* SDiOS-SourceTreeUITests */,
			);
		};
/* End PBXProject section */

/* Begin PBXResourcesBuildPhase section */
		98448CED1C84B0F900F508BA /* Resources */ = {
			isa = PBXResourcesBuildPhase;
			buildActionMask = 2147483647;
			files = (
				98448D011C84B0FA00F508BA /* LaunchScreen.storyboard in Resources */,
				98448CFE1C84B0FA00F508BA /* Assets.xcassets in Resources */,
				98448CFC1C84B0FA00F508BA /* Main.storyboard in Resources */,
			);
			runOnlyForDeploymentPostprocessing = 0;
		};
		98448D051C84B0FA00F508BA /* Resources */ = {
			isa = PBXResourcesBuildPhase;
			buildActionMask = 2147483647;
			files = (
			);
			runOnlyForDeploymentPostprocessing = 0;
		};
		98448D101C84B0FA00F508BA /* Resources */ = {
			isa = PBXResourcesBuildPhase;
			buildActionMask = 2147483647;
			files = (
			);
			runOnlyForDeploymentPostprocessing = 0;
		};
/* End PBXResourcesBuildPhase section */

/* Begin PBXSourcesBuildPhase section */
		98448CEB1C84B0F900F508BA /* Sources */ = {
			isa = PBXSourcesBuildPhase;
			buildActionMask = 2147483647;
			files = (
				98448CF51C84B0F900F508BA /* RootViewController.swift in Sources */,
				98448CF91C84B0FA00F508BA /* ModelController.swift in Sources */,
				98448CF71C84B0FA00F508BA /* DataViewController.swift in Sources */,
				98448CF31C84B0F900F508BA /* AppDelegate.swift in Sources */,
			);
			runOnlyForDeploymentPostprocessing = 0;
		};
		98448D031C84B0FA00F508BA /* Sources */ = {
			isa = PBXSourcesBuildPhase;
			buildActionMask = 2147483647;
			files = (
				98448D0C1C84B0FA00F508BA /* SDiOS_SourceTreeTests.swift in Sources */,
			);
			runOnlyForDeploymentPostprocessing = 0;
		};
		98448D0E1C84B0FA00F508BA /* Sources */ = {
			isa = PBXSourcesBuildPhase;
			buildActionMask = 2147483647;
			files = (
				98448D171C84B0FA00F508BA /* SDiOS_SourceTreeUITests.swift in Sources */,
			);
			runOnlyForDeploymentPostprocessing = 0;
		};
/* End PBXSourcesBuildPhase section */

/* Begin PBXTargetDependency section */
		98448D091C84B0FA00F508BA /* PBXTargetDependency */ = {
			isa = PBXTargetDependency;
			target = 98448CEE1C84B0F900F508BA /* SDiOS-SourceTree */;
			targetProxy = 98448D081C84B0FA00F508BA /* PBXContainerItemProxy */;
		};
		98448D141C84B0FA00F508BA /* PBXTargetDependency */ = {
			isa = PBXTargetDependency;
			target = 98448CEE1C84B0F900F508BA /* SDiOS-SourceTree */;
			targetProxy = 98448D131C84B0FA00F508BA /* PBXContainerItemProxy */;
		};
/* End PBXTargetDependency section */

/* Begin PBXVariantGroup section */
		98448CFA1C84B0FA00F508BA /* Main.storyboard */ = {
			isa = PBXVariantGroup;
			children = (
				98448CFB1C84B0FA00F508BA /* Base */,
			);
			name = Main.storyboard;
			sourceTree = "<group>";
		};
		98448CFF1C84B0FA00F508BA /* LaunchScreen.storyboard */ = {
			isa = PBXVariantGroup;
			children = (
				98448D001C84B0FA00F508BA /* Base */,
			);
			name = LaunchScreen.storyboard;
			sourceTree = "<group>";
		};
/* End PBXVariantGroup section */

/* Begin XCBuildConfiguration section */
		98448D191C84B0FA00F508BA /* Debug */ = {
			isa = XCBuildConfiguration;
			buildSettings = {
				ALWAYS_SEARCH_USER_PATHS = NO;
				CLANG_CXX_LANGUAGE_STANDARD = "gnu++0x";
				CLANG_CXX_LIBRARY = "libc++";
				CLANG_ENABLE_MODULES = YES;
				CLANG_ENABLE_OBJC_ARC = YES;
				CLANG_WARN_BOOL_CONVERSION = YES;
				CLANG_WARN_CONSTANT_CONVERSION = YES;
				CLANG_WARN_DIRECT_OBJC_ISA_USAGE = YES_ERROR;
				CLANG_WARN_EMPTY_BODY = YES;
				CLANG_WARN_ENUM_CONVERSION = YES;
				CLANG_WARN_INT_CONVERSION = YES;
				CLANG_WARN_OBJC_ROOT_CLASS = YES_ERROR;
				CLANG_WARN_UNREACHABLE_CODE = YES;
				CLANG_WARN__DUPLICATE_METHOD_MATCH = YES;
				"CODE_SIGN_IDENTITY[sdk=iphoneos*]" = "iPhone Developer";
				COPY_PHASE_STRIP = NO;
				DEBUG_INFORMATION_FORMAT = dwarf;
				ENABLE_STRICT_OBJC_MSGSEND = YES;
				ENABLE_TESTABILITY = YES;
				GCC_C_LANGUAGE_STANDARD = gnu99;
				GCC_DYNAMIC_NO_PIC = NO;
				GCC_NO_COMMON_BLOCKS = YES;
				GCC_OPTIMIZATION_LEVEL = 0;
				GCC_PREPROCESSOR_DEFINITIONS = (
					"DEBUG=1",
					"$(inherited)",
				);
				GCC_WARN_64_TO_32_BIT_CONVERSION = YES;
				GCC_WARN_ABOUT_RETURN_TYPE = YES_ERROR;
				GCC_WARN_UNDECLARED_SELECTOR = YES;
				GCC_WARN_UNINITIALIZED_AUTOS = YES_AGGRESSIVE;
				GCC_WARN_UNUSED_FUNCTION = YES;
				GCC_WARN_UNUSED_VARIABLE = YES;
				IPHONEOS_DEPLOYMENT_TARGET = 9.2;
				MTL_ENABLE_DEBUG_INFO = YES;
				ONLY_ACTIVE_ARCH = YES;
				SDKROOT = iphoneos;
				SWIFT_OPTIMIZATION_LEVEL = "-Onone";
				TARGETED_DEVICE_FAMILY = "1,2";
			};
			name = Debug;
		};
		98448D1A1C84B0FA00F508BA /* Release */ = {
			isa = XCBuildConfiguration;
			buildSettings = {
				ALWAYS_SEARCH_USER_PATHS = NO;
				CLANG_CXX_LANGUAGE_STANDARD = "gnu++0x";
				CLANG_CXX_LIBRARY = "libc++";
				CLANG_ENABLE_MODULES = YES;
				CLANG_ENABLE_OBJC_ARC = YES;
				CLANG_WARN_BOOL_CONVERSION = YES;
				CLANG_WARN_CONSTANT_CONVERSION = YES;
				CLANG_WARN_DIRECT_OBJC_ISA_USAGE = YES_ERROR;
				CLANG_WARN_EMPTY_BODY = YES;
				CLANG_WARN_ENUM_CONVERSION = YES;
				CLANG_WARN_INT_CONVERSION = YES;
				CLANG_WARN_OBJC_ROOT_CLASS = YES_ERROR;
				CLANG_WARN_UNREACHABLE_CODE = YES;
				CLANG_WARN__DUPLICATE_METHOD_MATCH = YES;
				"CODE_SIGN_IDENTITY[sdk=iphoneos*]" = "iPhone Developer";
				COPY_PHASE_STRIP = NO;
				DEBUG_INFORMATION_FORMAT = "dwarf-with-dsym";
				ENABLE_NS_ASSERTIONS = NO;
				ENABLE_STRICT_OBJC_MSGSEND = YES;
				GCC_C_LANGUAGE_STANDARD = gnu99;
				GCC_NO_COMMON_BLOCKS = YES;
				GCC_WARN_64_TO_32_BIT_CONVERSION = YES;
				GCC_WARN_ABOUT_RETURN_TYPE = YES_ERROR;
				GCC_WARN_UNDECLARED_SELECTOR = YES;
				GCC_WARN_UNINITIALIZED_AUTOS = YES_AGGRESSIVE;
				GCC_WARN_UNUSED_FUNCTION = YES;
				GCC_WARN_UNUSED_VARIABLE = YES;
				IPHONEOS_DEPLOYMENT_TARGET = 9.2;
				MTL_ENABLE_DEBUG_INFO = NO;
				SDKROOT = iphoneos;
				TARGETED_DEVICE_FAMILY = "1,2";
				VALIDATE_PRODUCT = YES;
			};
			name = Release;
		};
		98448D1C1C84B0FA00F508BA /* Debug */ = {
			isa = XCBuildConfiguration;
			buildSettings = {
				ASSETCATALOG_COMPILER_APPICON_NAME = AppIcon;
				INFOPLIST_FILE = "SDiOS-SourceTree/Info.plist";
				LD_RUNPATH_SEARCH_PATHS = "$(inherited) @executable_path/Frameworks";
				PRODUCT_BUNDLE_IDENTIFIER = "com.socialDental.SDiOS-SourceTree";
				PRODUCT_NAME = "$(TARGET_NAME)";
			};
			name = Debug;
		};
		98448D1D1C84B0FA00F508BA /* Release */ = {
			isa = XCBuildConfiguration;
			buildSettings = {
				ASSETCATALOG_COMPILER_APPICON_NAME = AppIcon;
				INFOPLIST_FILE = "SDiOS-SourceTree/Info.plist";
				LD_RUNPATH_SEARCH_PATHS = "$(inherited) @executable_path/Frameworks";
				PRODUCT_BUNDLE_IDENTIFIER = "com.socialDental.SDiOS-SourceTree";
				PRODUCT_NAME = "$(TARGET_NAME)";
			};
			name = Release;
		};
		98448D1F1C84B0FA00F508BA /* Debug */ = {
			isa = XCBuildConfiguration;
			buildSettings = {
				BUNDLE_LOADER = "$(TEST_HOST)";
				INFOPLIST_FILE = "SDiOS-SourceTreeTests/Info.plist";
				LD_RUNPATH_SEARCH_PATHS = "$(inherited) @executable_path/Frameworks @loader_path/Frameworks";
				PRODUCT_BUNDLE_IDENTIFIER = "com.socialDental.SDiOS-SourceTreeTests";
				PRODUCT_NAME = "$(TARGET_NAME)";
				TEST_HOST = "$(BUILT_PRODUCTS_DIR)/SDiOS-SourceTree.app/SDiOS-SourceTree";
			};
			name = Debug;
		};
		98448D201C84B0FA00F508BA /* Release */ = {
			isa = XCBuildConfiguration;
			buildSettings = {
				BUNDLE_LOADER = "$(TEST_HOST)";
				INFOPLIST_FILE = "SDiOS-SourceTreeTests/Info.plist";
				LD_RUNPATH_SEARCH_PATHS = "$(inherited) @executable_path/Frameworks @loader_path/Frameworks";
				PRODUCT_BUNDLE_IDENTIFIER = "com.socialDental.SDiOS-SourceTreeTests";
				PRODUCT_NAME = "$(TARGET_NAME)";
				TEST_HOST = "$(BUILT_PRODUCTS_DIR)/SDiOS-SourceTree.app/SDiOS-SourceTree";
			};
			name = Release;
		};
		98448D221C84B0FA00F508BA /* Debug */ = {
			isa = XCBuildConfiguration;
			buildSettings = {
				INFOPLIST_FILE = "SDiOS-SourceTreeUITests/Info.plist";
				LD_RUNPATH_SEARCH_PATHS = "$(inherited) @executable_path/Frameworks @loader_path/Frameworks";
				PRODUCT_BUNDLE_IDENTIFIER = "com.socialDental.SDiOS-SourceTreeUITests";
				PRODUCT_NAME = "$(TARGET_NAME)";
				TEST_TARGET_NAME = "SDiOS-SourceTree";
				USES_XCTRUNNER = YES;
			};
			name = Debug;
		};
		98448D231C84B0FA00F508BA /* Release */ = {
			isa = XCBuildConfiguration;
			buildSettings = {
				INFOPLIST_FILE = "SDiOS-SourceTreeUITests/Info.plist";
				LD_RUNPATH_SEARCH_PATHS = "$(inherited) @executable_path/Frameworks @loader_path/Frameworks";
				PRODUCT_BUNDLE_IDENTIFIER = "com.socialDental.SDiOS-SourceTreeUITests";
				PRODUCT_NAME = "$(TARGET_NAME)";
				TEST_TARGET_NAME = "SDiOS-SourceTree";
				USES_XCTRUNNER = YES;
			};
			name = Release;
		};
/* End XCBuildConfiguration section */

/* Begin XCConfigurationList section */
		98448CEA1C84B0F900F508BA /* Build configuration list for PBXProject "SDiOS-SourceTree" */ = {
			isa = XCConfigurationList;
			buildConfigurations = (
				98448D191C84B0FA00F508BA /* Debug */,
				98448D1A1C84B0FA00F508BA /* Release */,
			);
			defaultConfigurationIsVisible = 0;
			defaultConfigurationName = Release;
		};
		98448D1B1C84B0FA00F508BA /* Build configuration list for PBXNativeTarget "SDiOS-SourceTree" */ = {
			isa = XCConfigurationList;
			buildConfigurations = (
				98448D1C1C84B0FA00F508BA /* Debug */,
				98448D1D1C84B0FA00F508BA /* Release */,
			);
			defaultConfigurationIsVisible = 0;
		};
		98448D1E1C84B0FA00F508BA /* Build configuration list for PBXNativeTarget "SDiOS-SourceTreeTests" */ = {
			isa = XCConfigurationList;
			buildConfigurations = (
				98448D1F1C84B0FA00F508BA /* Debug */,
				98448D201C84B0FA00F508BA /* Release */,
			);
			defaultConfigurationIsVisible = 0;
		};
		98448D211C84B0FA00F508BA /* Build configuration list for PBXNativeTarget "SDiOS-SourceTreeUITests" */ = {
			isa = XCConfigurationList;
			buildConfigurations = (
				98448D221C84B0FA00F508BA /* Debug */,
				98448D231C84B0FA00F508BA /* Release */,
			);
			defaultConfigurationIsVisible = 0;
		};
/* End XCConfigurationList section */
	};
	rootObject = 98448CE71C84B0F900F508BA /* Project object */;
}
